
Microsoft Visual Studio Solution File, Format Version 12.00
# Visual Studio Version 17
VisualStudioVersion = 17.4.33213.308
MinimumVisualStudioVersion = 10.0.40219.1
Project("{FAE04EC0-301F-11D3-BF4B-00C04F79EFBC}") = "Project_Tudoroiu_Simona_251", "Project_Tudoroiu_Simona_251.csproj", "{5CC27D0D-9B5C-480A-A2E0-091DD8BB4452}"
EndProject
Global
	GlobalSection(SolutionConfigurationPlatforms) = preSolution
		Debug|Any CPU = Debug|Any CPU
		Release|Any CPU = Release|Any CPU
	EndGlobalSection
	GlobalSection(ProjectConfigurationPlatforms) = postSolution
		{5CC27D0D-9B5C-480A-A2E0-091DD8BB4452}.Debug|Any CPU.ActiveCfg = Debug|Any CPU
		{5CC27D0D-9B5C-480A-A2E0-091DD8BB4452}.Debug|Any CPU.Build.0 = Debug|Any CPU
		{5CC27D0D-9B5C-480A-A2E0-091DD8BB4452}.Release|Any CPU.ActiveCfg = Release|Any CPU
		{5CC27D0D-9B5C-480A-A2E0-091DD8BB4452}.Release|Any CPU.Build.0 = Release|Any CPU
	EndGlobalSection
	GlobalSection(SolutionProperties) = preSolution
		HideSolutionNode = FALSE
	EndGlobalSection
	GlobalSection(ExtensibilityGlobals) = postSolution
		SolutionGuid = {59812573-38BE-4805-8FF2-C54FB9EE8D7D}
	EndGlobalSection
EndGlobal
